
Microsoft Visual Studio Solution File, Format Version 12.00
Project("{FAE04EC0-301F-11D3-BF4B-00C04F79EFBC}") = "TodoApi", "src\TodoApi\TodoApi.csproj", "{A90147C6-E2A8-4A43-B276-B068770E6F76}"
EndProject
Project("{FAE04EC0-301F-11D3-BF4B-00C04F79EFBC}") = "ReferenceMvcApi", "ReferenceMvcApi\ReferenceMvcApi.csproj", "{F89D79A5-DE8E-4642-AC92-E1883E4C95E3}"
EndProject
Project("{FAE04EC0-301F-11D3-BF4B-00C04F79EFBC}") = "MinimalApi", "MinimalApi\MinimalApi.csproj", "{68F5DA32-FB2A-401E-B702-44D5AA5EEF75}"
EndProject
Project("{FAE04EC0-301F-11D3-BF4B-00C04F79EFBC}") = "MinimalApi.NonStructured", "MinimalApi.NonStructured\MinimalApi.NonStructured.csproj", "{1E857FE2-A9EE-4C6D-B775-97DC6CA00B6D}"
EndProject
Project("{2150E333-8FDC-42A3-9474-1A3956D46DE8}") = "Benchmark", "Benchmark", "{02C552B1-42CE-4F8E-8323-ECDCCE1680C2}"
EndProject
Project("{FAE04EC0-301F-11D3-BF4B-00C04F79EFBC}") = "Runner", "Benchmark\Runner\Runner.csproj", "{96957248-B3A5-477E-ACDE-A83409696145}"
EndProject
Project("{FAE04EC0-301F-11D3-BF4B-00C04F79EFBC}") = "MinimalApi", "Benchmark\MinimalApi\MinimalApi.csproj", "{CA711D0B-B635-44F8-80DB-79E89611EE6E}"
EndProject
Project("{FAE04EC0-301F-11D3-BF4B-00C04F79EFBC}") = "MvcControllers", "Benchmark\MvcControllers\MvcControllers.csproj", "{91386C9B-6820-46E0-9D17-1E586A795A23}"
EndProject
Project("{FAE04EC0-301F-11D3-BF4B-00C04F79EFBC}") = "MapControllers", "Benchmark\MapControllers\MapControllers.csproj", "{013283B2-24A7-43B4-9043-FF19C0D94475}"
EndProject
Project("{FAE04EC0-301F-11D3-BF4B-00C04F79EFBC}") = "FEBench", "Benchmark\FastEndpointsBench\FEBench.csproj", "{13D0AB1E-D99F-4332-BFA2-B97013B32812}"
EndProject
Project("{FAE04EC0-301F-11D3-BF4B-00C04F79EFBC}") = "CarterModules", "Benchmark\CarterModules\CarterModules.csproj", "{8937E0B6-392F-43EB-911C-8606E793CEC9}"
EndProject
Project("{FAE04EC0-301F-11D3-BF4B-00C04F79EFBC}") = "MinimalApiRepr", "Benchmark\MinimalApiRepr\MinimalApiRepr.csproj", "{FE433DF0-B34F-47F2-85A2-A3C00CE4E465}"
EndProject
Project("{2150E333-8FDC-42A3-9474-1A3956D46DE8}") = "LoadTesting", "LoadTesting", "{C7FBED65-ED03-4AAB-A0CD-9BF7E49D81A1}"
	ProjectSection(SolutionItems) = preProject
		LoadTesting\sample_test.js = LoadTesting\sample_test.js
	EndProjectSection
EndProject
Project("{FAE04EC0-301F-11D3-BF4B-00C04F79EFBC}") = "MinimalApiEndpoints", "MinimalApiEndpoints\MinimalApiEndpoints.csproj", "{91532558-EB12-4C58-80E3-329DC451240D}"
EndProject
Project("{2150E333-8FDC-42A3-9474-1A3956D46DE8}") = "MinimalApiEndpoints", "MinimalApiEndpoints", "{DFC8DF37-BC2D-4684-9F31-A13498D6FFFE}"
EndProject
Project("{FAE04EC0-301F-11D3-BF4B-00C04F79EFBC}") = "MinimalApiReprV2", "Benchmark\MinimalApiReprV2\MinimalApiReprV2.csproj", "{D41FD509-BC45-4849-A81B-3E3536077C24}"
EndProject
Project("{FAE04EC0-301F-11D3-BF4B-00C04F79EFBC}") = "MinimalApiReprV3", "Benchmark\MinimalApiReprV3\MinimalApiReprV3.csproj", "{CD2B5A48-C729-406D-B78B-6BA609CE302B}"
EndProject
Project("{FAE04EC0-301F-11D3-BF4B-00C04F79EFBC}") = "MinimalApiV2", "Benchmark\MinimalApiV2\MinimalApiV2.csproj", "{2AB9DC52-D62A-44DB-AC7D-43BBD69CE73D}"
EndProject
Project("{2150E333-8FDC-42A3-9474-1A3956D46DE8}") = "MinimalEndpoints", "MinimalEndpoints", "{A938735E-67A5-46CC-8D24-81FE20DB0C9D}"
EndProject
Project("{FAE04EC0-301F-11D3-BF4B-00C04F79EFBC}") = "MinimalEndpoints", "MinimalEndpoints\MinimalEndpoints.csproj", "{21CB653D-4280-4D4B-AB66-E418854FB1B5}"
EndProject
Global
	GlobalSection(SolutionConfigurationPlatforms) = preSolution
		Debug|Any CPU = Debug|Any CPU
		Release|Any CPU = Release|Any CPU
	EndGlobalSection
	GlobalSection(ProjectConfigurationPlatforms) = postSolution
		{A90147C6-E2A8-4A43-B276-B068770E6F76}.Debug|Any CPU.ActiveCfg = Debug|Any CPU
		{A90147C6-E2A8-4A43-B276-B068770E6F76}.Debug|Any CPU.Build.0 = Debug|Any CPU
		{A90147C6-E2A8-4A43-B276-B068770E6F76}.Release|Any CPU.ActiveCfg = Release|Any CPU
		{A90147C6-E2A8-4A43-B276-B068770E6F76}.Release|Any CPU.Build.0 = Release|Any CPU
		{F89D79A5-DE8E-4642-AC92-E1883E4C95E3}.Debug|Any CPU.ActiveCfg = Debug|Any CPU
		{F89D79A5-DE8E-4642-AC92-E1883E4C95E3}.Debug|Any CPU.Build.0 = Debug|Any CPU
		{F89D79A5-DE8E-4642-AC92-E1883E4C95E3}.Release|Any CPU.ActiveCfg = Release|Any CPU
		{F89D79A5-DE8E-4642-AC92-E1883E4C95E3}.Release|Any CPU.Build.0 = Release|Any CPU
		{68F5DA32-FB2A-401E-B702-44D5AA5EEF75}.Debug|Any CPU.ActiveCfg = Debug|Any CPU
		{68F5DA32-FB2A-401E-B702-44D5AA5EEF75}.Debug|Any CPU.Build.0 = Debug|Any CPU
		{68F5DA32-FB2A-401E-B702-44D5AA5EEF75}.Release|Any CPU.ActiveCfg = Release|Any CPU
		{68F5DA32-FB2A-401E-B702-44D5AA5EEF75}.Release|Any CPU.Build.0 = Release|Any CPU
		{1E857FE2-A9EE-4C6D-B775-97DC6CA00B6D}.Debug|Any CPU.ActiveCfg = Debug|Any CPU
		{1E857FE2-A9EE-4C6D-B775-97DC6CA00B6D}.Debug|Any CPU.Build.0 = Debug|Any CPU
		{1E857FE2-A9EE-4C6D-B775-97DC6CA00B6D}.Release|Any CPU.ActiveCfg = Release|Any CPU
		{1E857FE2-A9EE-4C6D-B775-97DC6CA00B6D}.Release|Any CPU.Build.0 = Release|Any CPU
		{96957248-B3A5-477E-ACDE-A83409696145}.Debug|Any CPU.ActiveCfg = Debug|Any CPU
		{96957248-B3A5-477E-ACDE-A83409696145}.Debug|Any CPU.Build.0 = Debug|Any CPU
		{96957248-B3A5-477E-ACDE-A83409696145}.Release|Any CPU.ActiveCfg = Release|Any CPU
		{96957248-B3A5-477E-ACDE-A83409696145}.Release|Any CPU.Build.0 = Release|Any CPU
		{CA711D0B-B635-44F8-80DB-79E89611EE6E}.Debug|Any CPU.ActiveCfg = Debug|Any CPU
		{CA711D0B-B635-44F8-80DB-79E89611EE6E}.Debug|Any CPU.Build.0 = Debug|Any CPU
		{CA711D0B-B635-44F8-80DB-79E89611EE6E}.Release|Any CPU.ActiveCfg = Release|Any CPU
		{CA711D0B-B635-44F8-80DB-79E89611EE6E}.Release|Any CPU.Build.0 = Release|Any CPU
		{91386C9B-6820-46E0-9D17-1E586A795A23}.Debug|Any CPU.ActiveCfg = Debug|Any CPU
		{91386C9B-6820-46E0-9D17-1E586A795A23}.Debug|Any CPU.Build.0 = Debug|Any CPU
		{91386C9B-6820-46E0-9D17-1E586A795A23}.Release|Any CPU.ActiveCfg = Release|Any CPU
		{91386C9B-6820-46E0-9D17-1E586A795A23}.Release|Any CPU.Build.0 = Release|Any CPU
		{013283B2-24A7-43B4-9043-FF19C0D94475}.Debug|Any CPU.ActiveCfg = Debug|Any CPU
		{013283B2-24A7-43B4-9043-FF19C0D94475}.Debug|Any CPU.Build.0 = Debug|Any CPU
		{013283B2-24A7-43B4-9043-FF19C0D94475}.Release|Any CPU.ActiveCfg = Release|Any CPU
		{013283B2-24A7-43B4-9043-FF19C0D94475}.Release|Any CPU.Build.0 = Release|Any CPU
		{13D0AB1E-D99F-4332-BFA2-B97013B32812}.Debug|Any CPU.ActiveCfg = Debug|Any CPU
		{13D0AB1E-D99F-4332-BFA2-B97013B32812}.Debug|Any CPU.Build.0 = Debug|Any CPU
		{13D0AB1E-D99F-4332-BFA2-B97013B32812}.Release|Any CPU.ActiveCfg = Release|Any CPU
		{13D0AB1E-D99F-4332-BFA2-B97013B32812}.Release|Any CPU.Build.0 = Release|Any CPU
		{8937E0B6-392F-43EB-911C-8606E793CEC9}.Debug|Any CPU.ActiveCfg = Debug|Any CPU
		{8937E0B6-392F-43EB-911C-8606E793CEC9}.Debug|Any CPU.Build.0 = Debug|Any CPU
		{8937E0B6-392F-43EB-911C-8606E793CEC9}.Release|Any CPU.ActiveCfg = Release|Any CPU
		{8937E0B6-392F-43EB-911C-8606E793CEC9}.Release|Any CPU.Build.0 = Release|Any CPU
		{FE433DF0-B34F-47F2-85A2-A3C00CE4E465}.Debug|Any CPU.ActiveCfg = Debug|Any CPU
		{FE433DF0-B34F-47F2-85A2-A3C00CE4E465}.Debug|Any CPU.Build.0 = Debug|Any CPU
		{FE433DF0-B34F-47F2-85A2-A3C00CE4E465}.Release|Any CPU.ActiveCfg = Release|Any CPU
		{FE433DF0-B34F-47F2-85A2-A3C00CE4E465}.Release|Any CPU.Build.0 = Release|Any CPU
		{91532558-EB12-4C58-80E3-329DC451240D}.Debug|Any CPU.ActiveCfg = Debug|Any CPU
		{91532558-EB12-4C58-80E3-329DC451240D}.Debug|Any CPU.Build.0 = Debug|Any CPU
		{91532558-EB12-4C58-80E3-329DC451240D}.Release|Any CPU.ActiveCfg = Release|Any CPU
		{91532558-EB12-4C58-80E3-329DC451240D}.Release|Any CPU.Build.0 = Release|Any CPU
		{D41FD509-BC45-4849-A81B-3E3536077C24}.Debug|Any CPU.ActiveCfg = Debug|Any CPU
		{D41FD509-BC45-4849-A81B-3E3536077C24}.Debug|Any CPU.Build.0 = Debug|Any CPU
		{D41FD509-BC45-4849-A81B-3E3536077C24}.Release|Any CPU.ActiveCfg = Release|Any CPU
		{D41FD509-BC45-4849-A81B-3E3536077C24}.Release|Any CPU.Build.0 = Release|Any CPU
		{CD2B5A48-C729-406D-B78B-6BA609CE302B}.Debug|Any CPU.ActiveCfg = Debug|Any CPU
		{CD2B5A48-C729-406D-B78B-6BA609CE302B}.Debug|Any CPU.Build.0 = Debug|Any CPU
		{CD2B5A48-C729-406D-B78B-6BA609CE302B}.Release|Any CPU.ActiveCfg = Release|Any CPU
		{CD2B5A48-C729-406D-B78B-6BA609CE302B}.Release|Any CPU.Build.0 = Release|Any CPU
		{2AB9DC52-D62A-44DB-AC7D-43BBD69CE73D}.Debug|Any CPU.ActiveCfg = Debug|Any CPU
		{2AB9DC52-D62A-44DB-AC7D-43BBD69CE73D}.Debug|Any CPU.Build.0 = Debug|Any CPU
		{2AB9DC52-D62A-44DB-AC7D-43BBD69CE73D}.Release|Any CPU.ActiveCfg = Release|Any CPU
		{2AB9DC52-D62A-44DB-AC7D-43BBD69CE73D}.Release|Any CPU.Build.0 = Release|Any CPU
		{21CB653D-4280-4D4B-AB66-E418854FB1B5}.Debug|Any CPU.ActiveCfg = Debug|Any CPU
		{21CB653D-4280-4D4B-AB66-E418854FB1B5}.Debug|Any CPU.Build.0 = Debug|Any CPU
		{21CB653D-4280-4D4B-AB66-E418854FB1B5}.Release|Any CPU.ActiveCfg = Release|Any CPU
		{21CB653D-4280-4D4B-AB66-E418854FB1B5}.Release|Any CPU.Build.0 = Release|Any CPU
	EndGlobalSection
	GlobalSection(NestedProjects) = preSolution
		{96957248-B3A5-477E-ACDE-A83409696145} = {02C552B1-42CE-4F8E-8323-ECDCCE1680C2}
		{CA711D0B-B635-44F8-80DB-79E89611EE6E} = {02C552B1-42CE-4F8E-8323-ECDCCE1680C2}
		{91386C9B-6820-46E0-9D17-1E586A795A23} = {02C552B1-42CE-4F8E-8323-ECDCCE1680C2}
		{013283B2-24A7-43B4-9043-FF19C0D94475} = {02C552B1-42CE-4F8E-8323-ECDCCE1680C2}
		{13D0AB1E-D99F-4332-BFA2-B97013B32812} = {02C552B1-42CE-4F8E-8323-ECDCCE1680C2}
		{8937E0B6-392F-43EB-911C-8606E793CEC9} = {02C552B1-42CE-4F8E-8323-ECDCCE1680C2}
		{FE433DF0-B34F-47F2-85A2-A3C00CE4E465} = {02C552B1-42CE-4F8E-8323-ECDCCE1680C2}
		{91532558-EB12-4C58-80E3-329DC451240D} = {DFC8DF37-BC2D-4684-9F31-A13498D6FFFE}
		{D41FD509-BC45-4849-A81B-3E3536077C24} = {02C552B1-42CE-4F8E-8323-ECDCCE1680C2}
		{CD2B5A48-C729-406D-B78B-6BA609CE302B} = {02C552B1-42CE-4F8E-8323-ECDCCE1680C2}
		{2AB9DC52-D62A-44DB-AC7D-43BBD69CE73D} = {02C552B1-42CE-4F8E-8323-ECDCCE1680C2}
		{21CB653D-4280-4D4B-AB66-E418854FB1B5} = {A938735E-67A5-46CC-8D24-81FE20DB0C9D}
	EndGlobalSection
EndGlobal
